
Microsoft Visual Studio Solution File, Format Version 12.00
# Visual Studio 15
VisualStudioVersion = 15.0.28307.168
MinimumVisualStudioVersion = 10.0.40219.1
Project("{FAE04EC0-301F-11D3-BF4B-00C04F79EFBC}") = "Forum", "Forum\Forum.csproj", "{FA039539-1DD0-4A68-90E5-7C91A68CBEE7}"
EndProject
Global
	GlobalSection(SolutionConfigurationPlatforms) = preSolution
		Debug|Any CPU = Debug|Any CPU
		Release|Any CPU = Release|Any CPU
	EndGlobalSection
	GlobalSection(ProjectConfigurationPlatforms) = postSolution
		{FA039539-1DD0-4A68-90E5-7C91A68CBEE7}.Debug|Any CPU.ActiveCfg = Debug|Any CPU
		{FA039539-1DD0-4A68-90E5-7C91A68CBEE7}.Debug|Any CPU.Build.0 = Debug|Any CPU
		{FA039539-1DD0-4A68-90E5-7C91A68CBEE7}.Release|Any CPU.ActiveCfg = Release|Any CPU
		{FA039539-1DD0-4A68-90E5-7C91A68CBEE7}.Release|Any CPU.Build.0 = Release|Any CPU
	EndGlobalSection
	GlobalSection(SolutionProperties) = preSolution
		HideSolutionNode = FALSE
	EndGlobalSection
	GlobalSection(ExtensibilityGlobals) = postSolution
		SolutionGuid = {2F7D521A-E229-4B4F-803F-ECED059BDD40}
	EndGlobalSection
EndGlobal
